
Microsoft Visual Studio Solution File, Format Version 12.00
# Visual Studio Version 17
VisualStudioVersion = 17.10.35122.118
MinimumVisualStudioVersion = 10.0.40219.1
Project("{FAE04EC0-301F-11D3-BF4B-00C04F79EFBC}") = "Duplicate Integer", "Duplicate Integer\Duplicate Integer.csproj", "{BFAE84CF-9A3B-4BF2-8B8F-91A71167F3FD}"
EndProject
Global
	GlobalSection(SolutionConfigurationPlatforms) = preSolution
		Debug|Any CPU = Debug|Any CPU
		Release|Any CPU = Release|Any CPU
	EndGlobalSection
	GlobalSection(ProjectConfigurationPlatforms) = postSolution
		{BFAE84CF-9A3B-4BF2-8B8F-91A71167F3FD}.Debug|Any CPU.ActiveCfg = Debug|Any CPU
		{BFAE84CF-9A3B-4BF2-8B8F-91A71167F3FD}.Debug|Any CPU.Build.0 = Debug|Any CPU
		{BFAE84CF-9A3B-4BF2-8B8F-91A71167F3FD}.Release|Any CPU.ActiveCfg = Release|Any CPU
		{BFAE84CF-9A3B-4BF2-8B8F-91A71167F3FD}.Release|Any CPU.Build.0 = Release|Any CPU
	EndGlobalSection
	GlobalSection(SolutionProperties) = preSolution
		HideSolutionNode = FALSE
	EndGlobalSection
	GlobalSection(ExtensibilityGlobals) = postSolution
		SolutionGuid = {78A90F30-9C14-4415-936F-F886AC66269D}
	EndGlobalSection
EndGlobal
