
Microsoft Visual Studio Solution File, Format Version 12.00
# Visual Studio Version 17
VisualStudioVersion = 17.10.35122.118
MinimumVisualStudioVersion = 10.0.40219.1
Project("{FAE04EC0-301F-11D3-BF4B-00C04F79EFBC}") = "Products of Array Discluding Self", "Products of Array Discluding Self\Products of Array Discluding Self.csproj", "{84FBC4DD-6B63-4496-901E-CFF1C5634BD5}"
EndProject
Global
	GlobalSection(SolutionConfigurationPlatforms) = preSolution
		Debug|Any CPU = Debug|Any CPU
		Release|Any CPU = Release|Any CPU
	EndGlobalSection
	GlobalSection(ProjectConfigurationPlatforms) = postSolution
		{84FBC4DD-6B63-4496-901E-CFF1C5634BD5}.Debug|Any CPU.ActiveCfg = Debug|Any CPU
		{84FBC4DD-6B63-4496-901E-CFF1C5634BD5}.Debug|Any CPU.Build.0 = Debug|Any CPU
		{84FBC4DD-6B63-4496-901E-CFF1C5634BD5}.Release|Any CPU.ActiveCfg = Release|Any CPU
		{84FBC4DD-6B63-4496-901E-CFF1C5634BD5}.Release|Any CPU.Build.0 = Release|Any CPU
	EndGlobalSection
	GlobalSection(SolutionProperties) = preSolution
		HideSolutionNode = FALSE
	EndGlobalSection
	GlobalSection(ExtensibilityGlobals) = postSolution
		SolutionGuid = {943691E1-DCF3-4E38-8103-9F97842FFAC2}
	EndGlobalSection
EndGlobal
